accelerate==0.34.2 \
    --hash=sha256:98c1ebe1f5a45c0a3af02dc60b5bb8b7d58d60c3326a326a06ce6d956b18ca5b \
    --hash=sha256:d69159e2c4e4a473d14443b27d2d732929254e826b3ab4813b3785b5ac616c7c
aiohappyeyeballs==2.7.1 \
    --hash=sha256:065665c041c42a5938ed220bdcd7230f22527fbec085e1853d2402c8a3615d9d \
    --hash=sha256:9243213661e29250eb41368e5daa826fc017156c3b8a11440826b2e3ed376472
aiohttp==3.10.11 \
    --hash=sha256:20b3d9e416774d41813bc02fdc0663379c01817b0874b932b81c7f777f67b217 \
    --hash=sha256:2b943011b45ee6bf74b22245c6faab736363678e910504dd7531a58c76c9015a \
    --hash=sha256:30283f9d0ce420363c24c5c2421e71a738a2155f10adbb1a11a4d4d6d2715cfc \
    --hash=sha256:48bc1d924490f0d0b3658fe5c4b081a4d56ebb58af80a6729d4bd13ea569797a \
    --hash=sha256:5077b1a5f40ffa3ba1f40d537d3bec4383988ee51fbba6b74aa8fb1bc466599e \
    --hash=sha256:5ab2328a61fdc86424ee540d0aeb8b73bbcad7351fb7cf7a6546fc0bcffa0038 \
    --hash=sha256:72b191cdf35a518bfc7ca87d770d30941decc5aaf897ec8b484eb5cc8c7706f3 \
    --hash=sha256:778cbd01f18ff78b5dd23c77eb82987ee4ba23408cbed233009fd570dda7e674 \
    --hash=sha256:8d6a14a4d93b5b3c2891fca94fa9d41b2322a68194422bef0dd5ec1e57d7d298 \
    --hash=sha256:9dc2b8f3dcab2e39e0fa309c8da50c3b55e6f34ab25f1a71d3288f24924d33a7 \
    --hash=sha256:aa93063d4af05c49276cf14e419550a3f45258b6b9d1f16403e777f1addf4519 \
    --hash=sha256:e12eb3f4b1f72aaaf6acd27d045753b18101524f72ae071ae1c91c1cd44ef115 \
    --hash=sha256:e1ffa713d3ea7cdcd4aea9cddccab41edf6882fa9552940344c44e59652e1120 \
    --hash=sha256:e5358addc8044ee49143c546d2182c15b4ac3a60be01c3209374ace05af5733d \
    --hash=sha256:f14ebc419a568c2eff3c1ed35f634435c24ead2fe19c07426af41e7adb68713a \
    --hash=sha256:ffbfde2443696345e23a3c597049b1dd43049bb65337837574205e7368472177
aiosignal==1.4.0 \
    --hash=sha256:053243f8b92b990551949e63930a839ff0cf0b0ebbe0597b0f3fb19e1a0fe82e \
    --hash=sha256:f47eecd9468083c2029cc99945502cb7708b082c232f9aca65da147157b251c7
async-timeout==5.0.1 \
    --hash=sha256:39e3809566ff85354557ec2398b55e096c8364bacac9405a7a1fa429e77fe76c \
    --hash=sha256:d9321a7a3d5a6a5e187e824d2fa0793ce379a202935782d555d6e9d2735677d3
attrs==26.1.0 \
    --hash=sha256:c647aa4a12dfbad9333ca4e71fe62ddc36f4e63b2d260a37a8b83d2f043ac309 \
    --hash=sha256:d03ceb89cb322a8fd706d4fb91940737b6642aa36998fe130a9bc96c985eff32
certifi==2026.7.22 \
    --hash=sha256:62f22742b58a1a33014a2b6b706588a8d7e2a88ae7bd1a6ebe8c992928483775 \
    --hash=sha256:741e2c3b351ddf169a738da9f2c048608ff7f2c5cc02f1ebc6b118bb090d5d55
cffi==2.1.1 \
    --hash=sha256:194cffa889098ced9976c3fc6340305e43f6303657d298da55366907c05c22d6 \
    --hash=sha256:1dea0e4d7d4f11f619fe8c1d76caf49e24405b4b5743c0e3be16a500ecd930c9 \
    --hash=sha256:3d22a20b1fb1632cc72c22f95f7b0d2961c3e1c235f245ba4c606c4771035659 \
    --hash=sha256:42e2f76b9455f5a9a844f770bf3e200ed3da0e15f5df3db9c31fe80b04b3d004 \
    --hash=sha256:5a59cc1c4442bc3d5c703bf720b51138d0bfc173618807c9ee2490a7541dd3d9 \
    --hash=sha256:5bb4e7ea95dcd6a014a6fef62e62467d67d8e582326443f3d68e71d6320a9fcf \
    --hash=sha256:75f80557d1389eddbd0de2681f6a390a0c5338c31ddaa821381c203fc3fd50d9 \
    --hash=sha256:7ce713ace7c0e4520535b42b77eaa742c16dab813978064913e5a3cf82973b41 \
    --hash=sha256:9f8d177621de5cb38ee3e731eda45d421db093ec0739f46a5594babda7987a98 \
    --hash=sha256:a48d62ab9d6f4f98c983223a547af44be6ca3691074c31cecced6facd3ba2dc1 \
    --hash=sha256:baed1e86cc735622097354b9d1281406caf42ff42a886d29faa8e8d1630333be \
    --hash=sha256:ca82be1a1d406ecfe1d25dc16cb33488e5a16bf4438c9fb590484ea29d92478b \
    --hash=sha256:dd31f52ea1086513bb9df30f8fcee9b8918323ae067a3d5b78bc826a000712be
charset-normalizer==3.5.1 \
    --hash=sha256:00668ebb0609751758682eb0b5857e7c35b9f00e84dfdef062e103244ec94d45 \
    --hash=sha256:07ffd07412fc5d5e84cd8952acf9ff7e4ed7a708e69d1bada19d8ba91711353f \
    --hash=sha256:2f293479cce755c75f1697e87c409b7ae4c555c7dfecb6e988ad13abba943031 \
    --hash=sha256:343fb4f2821043bd87095f7b08a1a181febc8e36ac64212143bbfd0a0e1bc235 \
    --hash=sha256:3588e376b3ea2eea84976f67273d679f229e24c66dce7b82ae45aef04ff6e072 \
    --hash=sha256:36047af20e17097c3bb9476c2b7655f2f7aa51322c0ba58c07695bedf755a950 \
    --hash=sha256:366ec70f5547c640d3ce1985722490f23faf4eb5216a7eeba78277490e78dacb \
    --hash=sha256:41876ee62a3dddf48ff1121ad8f0798032aa03f2fd35f21f34a4cab14f18d8d2 \
    --hash=sha256:494b70049a4d69aec6e8137c13af4cf8db8c9f9820a1392ac293b0dd2987a818 \
    --hash=sha256:4b599739b93b2cbeded49645ae3c8d1405c29ddfbceac1545c87a3f9580a9e96 \
    --hash=sha256:4c4fb141a727957c93edfe5c32a26ceb6b5f6461d67146e2d39f51e16170bea8 \
    --hash=sha256:6117b84ea48435e5356dc737f5121485c30920ba43375fa7b434fd753df0eac3 \
    --hash=sha256:6df0ec430f9a831772c23ca5a224cba36517a58a84bb32c32bb59a9fa67c47f6 \
    --hash=sha256:70055ff39b97c99e7ae40ea3e393fb62aa2e44dbd9b29f8d14f42fb0025c3959 \
    --hash=sha256:87e4f41d375c0b9be2fb5251aee4b8a689169e134535aed81bf085c3b647451e \
    --hash=sha256:94fbf1c0c6cc0d3d5e50f9a9313a8cdca90dd696d34b381cd1704f8c9e939f20 \
    --hash=sha256:950f23cb393f85543777b0433f082cddd25b51ab398eac7971146495679efe5f \
    --hash=sha256:96eefc178f8636b9c760c5829345307fd81cfae9ab1e80997dbddeb0f54ee9a3 \
    --hash=sha256:a2028475ba855475b8b4d3cfeb4994269c967aea8b9892dfba907f4263a863a3 \
    --hash=sha256:a545775cfe815855ea32d7c27731d79da358ef2055b4a25830231b1622dd18aa \
    --hash=sha256:a6d095662e73e74f0a49988e0593373e243e3a52e27bfeea0a859e88acf4a0f5 \
    --hash=sha256:a6dac12ff6b846103483683f60c5f8fee205121adc58ffd87e90a90a3af69e99 \
    --hash=sha256:ae4a097991662cd4fff0ddc74e0fe7874f82e00042fa0ea00855645ed0c79598 \
    --hash=sha256:b39b69b347e5e47a3b5b8cfc005c68c1ba347474e3960236c4944a8ecd174962 \
    --hash=sha256:ba2f37ee79e6338845261a3c5b1784e5d1acdff2c0785b284f1b633033d136ab \
    --hash=sha256:be47f99644b208bff7766314013f9acf57b056b04191d570d68ad14022cf5b1d \
    --hash=sha256:c1dcc36dcb96abc02236e182d17e0f71430152a6c2c7447421da2d2dc144edea \
    --hash=sha256:ce854f5f478050ade5a238731c4ca985a7d3b3cb53ff600a9b5c3b689b5f0a7a \
    --hash=sha256:cee5dd7c6fb5dd52a0fe2a740f9bc6e3593f5f8b1788bde49de02086f30182b2 \
    --hash=sha256:d1ee1e296209fdce05b81b663250eefa02213a2da7b41bf26f7829b8ba3545aa \
    --hash=sha256:dd732602a7009217f658d5863d12d79d373a4de0eebc111094bcdd3bb8e0a6cc \
    --hash=sha256:e199fb99720074809a7720f1c0b4d919eea8b87e88713e0f8f602f7bef543d9d \
    --hash=sha256:e9fbdce1e47394b09bc9f26ab117dfc8d6491977a11d86f592bb42c779db2fda \
    --hash=sha256:f5542f9b941279d82d41eb0aa9f98eba36fe4df5c7086c651df7944935b37182
colorama==0.4.6 ; sys_platform == 'win32' \
    --hash=sha256:08695f5cb7ed6e0531a20572697297273c47b8cae5a63ffc6d6ed5c201be6e44 \
    --hash=sha256:4f1d9991f5acc0ca119f9d443620b77f9d6b33703e51011c16baf57afb285fc6
einops==0.7.0 \
    --hash=sha256:0f3096f26b914f465f6ff3c66f5478f9a5e380bb367ffc6493a68143fbbf1fd1 \
    --hash=sha256:b2b04ad6081a3b227080c9bf5e3ace7160357ff03043cd66cc5b2319eb7031d1
filelock==3.32.3 \
    --hash=sha256:0ffa185a3540854c95caa7fa76b76cb219d907415e2c5dc9af25fd970563487f \
    --hash=sha256:7f0ca4bcc0e181c60dbbd8aa9ab5b120ebb99e4e064e83636340056f833a1f09
frozenlist==1.8.0 \
    --hash=sha256:0c18a16eab41e82c295618a77502e17b195883241c563b00f0aa5106fc4eaa0d \
    --hash=sha256:13d23a45c4cebade99340c4165bd90eeb4a56c6d8a9d8aa49568cac19a6d0dc4 \
    --hash=sha256:20e63c9493d33ee48536600d1a5c95eefc870cd71e7ab037763d1fbb89cc51e7 \
    --hash=sha256:3ede829ed8d842f6cd48fc7081d7a41001a56f1f38603f9d49bf3020d59a31ad \
    --hash=sha256:42145cd2748ca39f32801dad54aeea10039da6f86e303659db90db1c4b614c8c \
    --hash=sha256:667c3777ca571e5dbeb76f331562ff98b957431df140b54c85fd4d52eea8d8f6 \
    --hash=sha256:799345ab092bee59f01a915620b5d014698547afd011e691a208637312db9186 \
    --hash=sha256:80f85f0a7cc86e7a54c46d99c9e1318ff01f4687c172ede30fd52d19d1da1c8e \
    --hash=sha256:8a76ea0f0b9dfa06f254ee06053d93a600865b3274358ca48a352ce4f0798450 \
    --hash=sha256:a88f062f072d1589b7b46e951698950e7da00442fc1cacbe17e19e025dc327ad \
    --hash=sha256:adbeebaebae3526afc3c96fad434367cafbfd1b25d72369a9e5858453b1bb71a \
    --hash=sha256:b37f6d31b3dcea7deb5e9696e529a6aa4a898adc33db82da12e4c60a7c4d2011 \
    --hash=sha256:c23c3ff005322a6e16f71bf8692fcf4d5a304aaafe1e262c98c6d4adc7be863e \
    --hash=sha256:c7366fe1418a6133d5aa824ee53d406550110984de7637d65a178010f759c6ef \
    --hash=sha256:e2de870d16a7a53901e41b64ffdf26f2fbb8917b3e6ebf398098d72c5b20bd7f \
    --hash=sha256:e4a3408834f65da56c83528fb52ce7911484f0d1eaf7b761fc66001db1646eff \
    --hash=sha256:ef2b7b394f208233e471abc541cc6991f907ffd47dc72584acee3147899d6565 \
    --hash=sha256:f57fb59d9f385710aa7060e89410aeb5058b99e62f4d16b08b91986b9a2140c2
fsspec==2026.7.0 \
    --hash=sha256:b57ddbafedfaef7018c1ecab32aa200a9d7ca26b77965f64e48b70061249d279 \
    --hash=sha256:c803c40f4cf860b49dea58ee3e1c33cb9c790520e233537e1340049f89b82a88
huggingface-hub==0.24.7 \
    --hash=sha256:0ad8fb756e2831da0ac0491175b960f341fe06ebcf80ed6f8728313f95fc0207 \
    --hash=sha256:a212c555324c8a7b1ffdd07266bb7e7d69ca71aa238d27b7842d65e9a26ac3e5
idna==3.19 \
    --hash=sha256:5e0811a4383b21dc5838069f801c4fb62113b7447663d2530d2bd6e77b49bf15 \
    --hash=sha256:815e7be7a7806d54abb586dc943addc79e8b2ee16915059658cbeff4b1b43bf4
jinja2==3.1.6 \
    --hash=sha256:0137fb05990d35f1275a587e9aee6d56da821fc83491a0fb838183be43f66d6d \
    --hash=sha256:85ece4451f492d0c13c5dd7c13a64681a86afae63a5f347908daf103ce6d2f67
markupsafe==3.0.3 \
    --hash=sha256:0303439a41979d9e74d18ff5e2dd8c43ed6c6001fd40e5bf2e43f7bd9bbc523f \
    --hash=sha256:177b5253b2834fe3678cb4a5f0059808258584c559193998be2601324fdeafb1 \
    --hash=sha256:1ba88449deb3de88bd40044603fafffb7bc2b055d626a330323a9ed736661695 \
    --hash=sha256:2a15a08b17dd94c53a1da0438822d70ebcd13f8c3a95abe3a9ef9f11a94830aa \
    --hash=sha256:2f981d352f04553a7171b8e44369f2af4055f888dfb147d55e42d29e29e74559 \
    --hash=sha256:722695808f4b6457b320fdc131280796bdceb04ab50fe1795cd540799ebe1698 \
    --hash=sha256:c0c0b3ade1c0b13b936d7970b1d37a57acde9199dc2aecc4c336773e1d86049c \
    --hash=sha256:c4ffb7ebf07cfe8931028e3e4c85f0357459a3f9f9490886198848f4fa002ec8 \
    --hash=sha256:d2ee202e79d8ed691ceebae8e0486bd9a2cd4794cec4824e1c99b6f5009502f6 \
    --hash=sha256:e1c1493fb6e50ab01d20a22826e57520f1284df32f2d8601fdd90b6304601419 \
    --hash=sha256:e2103a929dfa2fcaf9bb4e7c091983a49c9ac3b19c9061b6d5427dd7d14d81a1 \
    --hash=sha256:f42d0984e947b8adf7dd6dde396e720934d12c506ce84eea8476409563607591
mpmath==1.3.0 \
    --hash=sha256:7a28eb2a9774d00c7bc92411c19a89209d5da7c4c9a9e227be8330a23a25b91f \
    --hash=sha256:a0b2b9fe80bbcd81a6647ff13108738cfb482d481d826cc0e02f5b35e5c88d2c
multidict==6.7.1 \
    --hash=sha256:067343c68cd6612d375710f895337b3a98a033c94f14b9a99eff902f205424e2 \
    --hash=sha256:0d17522c37d03e85c8098ec8431636309b2682cf12e58f4dbc76121fb50e4962 \
    --hash=sha256:17207077e29342fdc2c9a82e4b306f1127bf1ea91f8b71e02d4798a70bb99991 \
    --hash=sha256:24c0cf81544ca5e17cfcb6e482e7a82cd475925242b308b890c9452a074d4505 \
    --hash=sha256:55d97cc6dae627efa6a6e548885712d4864b81110ac76fa4e534c03819fa4a56 \
    --hash=sha256:5884a04f4ff56c6120f6ccf703bdeb8b5079d808ba604d4d53aec0d55dc33568 \
    --hash=sha256:59bc83d3f66b41dac1e7460aac1d196edc70c9ba3094965c467715a70ecb46db \
    --hash=sha256:7dfb78d966b2c906ae1d28ccf6e6712a3cd04407ee5088cd276fe8cb42186190 \
    --hash=sha256:8affcf1c98b82bc901702eb73b6947a1bfa170823c153fe8a47b5f5f02e48e40 \
    --hash=sha256:974e72a2474600827abaeda71af0c53d9ebbc3c2eb7da37b37d7829ae31232d8 \
    --hash=sha256:9b0d9b91d1aa44db9c1f1ecd0d9d2ae610b2f4f856448664e01a3b35899f3f92 \
    --hash=sha256:a9fc4caa29e2e6ae408d1c450ac8bf19892c5fca83ee634ecd88a53332c59981 \
    --hash=sha256:c5f0c21549ab432b57dcc82130f388d84ad8179824cc3f223d5e7cfbfd4143f6 \
    --hash=sha256:c93c3db7ea657dd4637d57e74ab73de31bccefe144d3d4ce370052035bc85fb5 \
    --hash=sha256:cdea2e7b2456cfb6694fb113066fd0ec7ea4d67e3a35e1f4cbeea0b448bf5872 \
    --hash=sha256:cf37cbe5ced48d417ba045aca1b21bafca67489452debcde94778a576666a1df \
    --hash=sha256:d4f49cb5661344764e4c7c7973e92a47a59b8fc19b6523649ec9dc4960e58a03 \
    --hash=sha256:d82dd730a95e6643802f4454b8fdecdf08667881a9c5670db85bc5a56693f122 \
    --hash=sha256:dd96c01a9dcd4889dcfcf9eb5544ca0c77603f239e3ffab0524ec17aea9a93ee \
    --hash=sha256:ec6652a1bee61c53a3e5776b6049172c53b6aaba34f18c9ad04f82712bac623d
networkx==3.4.2 \
    --hash=sha256:307c3669428c5362aab27c8a1260aa8f47c4e91d3891f48be0141738d8d053e1 \
    --hash=sha256:df5d4365b724cf81b8c6a7312509d0c22386097011ad1abe274afd5e9d3bbc5f
numpy==1.26.4 \
    --hash=sha256:2a02aba9ed12e4ac4eb3ea9421c420301a0c6460d9830d74a9df87efa4912010 \
    --hash=sha256:2e4ee3380d6de9c9ec04745830fd9e2eccb3e6cf790d39d7b98ffd19b0dd754a \
    --hash=sha256:62b8e4b1e28009ef2846b4c7852046736bab361f7aeadeb6a5b89ebec3c7055a \
    --hash=sha256:9ff0f4f29c51e2803569d7a51c2304de5554655a60c5d776e35b4a41413830d0 \
    --hash=sha256:a4abb4f9001ad2858e7ac189089c42178fcce737e4169dc61321660f1a96c7d2 \
    --hash=sha256:b97fe8060236edf3662adfc2c633f56a08ae30560c56310562cb4f95500022d5 \
    --hash=sha256:bfe25acf8b437eb2a8b2d49d443800a5f18508cd811fea3181723922a8a82b07 \
    --hash=sha256:d209d8969599b27ad20994c8e41936ee0964e6da07478d6c35016bc386b66ad4 \
    --hash=sha256:ffa75af20b44f8dba823498024771d5ac50620e6915abac414251bd971b4529f
packaging==26.3 \
    --hash=sha256:94edc256424af38762eb31306eed28beb9f0efc50a8837492c9d6fd6004aed79 \
    --hash=sha256:d7193f7c8e4e93f444fde0262bf90af30e16fa0ad0ad44cb553c87339b23cd1c
propcache==0.5.2 \
    --hash=sha256:01c4fc7480cd0598bb4b57022df55b9ca296da7fc5a8760bd8451a7e63a7d427 \
    --hash=sha256:04dc2390d9edbbaef7461f33322555976ffddf0b650a038649d026358714e6c5 \
    --hash=sha256:1ca071adabaab6e9219924bbe00af821f1ee7de113a9eca1cdc292de3d120f4d \
    --hash=sha256:29cbaac5ea0212663e6845e04b5e188d5a6ae6dd919810ac835bf1d3b42c3f4c \
    --hash=sha256:2f8ea531c794b9d6274acd4e8d2c2ebcac590a4361d27482edd3010b79f1325e \
    --hash=sha256:4621064bbf28fa77ff64dd5d94367c04684c67d3a5bf1dff25f0cd0d98a38f3b \
    --hash=sha256:5fcb98e7598b1ee0addab320d90f65b530297a867dbfe9de52ea838077e16e3d \
    --hash=sha256:6bf3be92233808fcd338eba0fb4d0b59ec5772af4f4ecfcec450d1bfc0f8b5eb \
    --hash=sha256:8114f28879e0904748e831c3a7774261bd9e75f49be089f389a76f959dcd13fe \
    --hash=sha256:823581fd5cb08b12a48bfa11fe962a7916766b6170c17b028fbdf762b85eb9bf \
    --hash=sha256:949c91d1a990cf3b2e8188dfcfb25005e0b834a06c63fa4ef9f360878ce21ecf \
    --hash=sha256:a0e399a2eccb91ed18721f86aa85757727400b6865c89e88934781deb9c8498b \
    --hash=sha256:b05d643f944a8c3c4bd86d65ffd87bf3264b617f87791940302bc474d2ff5274 \
    --hash=sha256:b96db7141a592cbc968daf1feea83a118e6ab378af4abbc72b248c895414c22d \
    --hash=sha256:be1ddfcbb376e3de5d2e2db1d58d6d67463e6b4f9f040c000de8e300295465fe \
    --hash=sha256:cc1177027eda740fdb152706bd215a3f124e3eea15afc39f2cb9fe351b50619e \
    --hash=sha256:d5a81be28596d6559f6131ef33e10200de6e17643b3c74ce03f9eb103be6ae8b \
    --hash=sha256:decfca4c79dd53ebab484b00cc4b6717d8c369f86e74aa4ca395a64ac651495e \
    --hash=sha256:e4294d04a94dcab1b3bccd8b66d962dcad411a1d19414b2a41d1445f1de32ad0
psutil==7.2.2 \
    --hash=sha256:0746f5f8d406af344fd547f1c8daa5f5c33dbc293bb8d6a16d80b4bb88f59372 \
    --hash=sha256:076a2d2f923fd4821644f5ba89f059523da90dc9014e85f8e45a5774ca5bc6f9 \
    --hash=sha256:1a7b04c10f32cc88ab39cbf606e117fd74721c831c98a27dc04578deb0c16979 \
    --hash=sha256:8c233660f575a5a89e6d4cb65d9f938126312bca76d8fe087b947b3a1aaac9ee \
    --hash=sha256:b0726cecd84f9474419d67252add4ac0cd9811b04d61123054b9fb6f57df6e9e \
    --hash=sha256:b58fabe35e80b264a4e3bb23e6b96f9e45a3df7fb7eed419ac0e5947c61e47cc \
    --hash=sha256:eb7e81434c8d223ec4a219b5fc1c47d0417b12be7ea866e24fb5ad6e84b3d988 \
    --hash=sha256:ed0cace939114f62738d808fdcecd4c869222507e266e574799e9c0faa17d486 \
    --hash=sha256:fd04ef36b4a6d599bbdb225dd1d3f51e00105f6d48a28f006da7f9822f2606d8
pycparser==3.0 ; implementation_name != 'PyPy' \
    --hash=sha256:600f49d217304a5902ac3c37e1281c9fe94e4d0489de643a9504c5cdfdfc6b29 \
    --hash=sha256:b727414169a36b7d524c1c3e31839a521725078d7b2ff038656844266160a992
pyyaml==6.0.3 \
    --hash=sha256:02ea2dfa234451bbb8772601d7b8e426c2bfa197136796224e50e35a78777956 \
    --hash=sha256:214ed4befebe12df36bcc8bc2b64b396ca31be9304b8f59e25c11cf94a4c033b \
    --hash=sha256:28c8d926f98f432f88adc23edf2e6d4921ac26fb084b028c733d01868d19007e \
    --hash=sha256:418cf3f2111bc80e0933b2cd8cd04f286338bb88bdc7bc8e6dd775ebde60b5e0 \
    --hash=sha256:5e0b74767e5f8c593e8c9b5912019159ed0533c70051e9cce3e8b6aa699fcd69 \
    --hash=sha256:66291b10affd76d76f54fad28e22e51719ef9ba22b29e1d7d03d6777a9174198 \
    --hash=sha256:9c7708761fccb9397fe64bbc0395abcae8c4bf7b0eac081e12b809bf47700d0b \
    --hash=sha256:b30236e45cf30d2b8e7b3e85881719e98507abed1011bf463a8fa23e9c3e98a8 \
    --hash=sha256:bdb2c67c6c1390b63c6ff89f210c8fd09d9a1217a465701eac7316313c915e4c \
    --hash=sha256:d76623373421df22fb4cf8817020cbb7ef15c725b9d5e45f17e189bfc384190f
requests==2.34.2 \
    --hash=sha256:2a0d60c172f83ac6ab31e4554906c0f3b3588d37b5cb939b1c061f4907e278e0 \
    --hash=sha256:f288924cae4e29463698d6d60bc6a4da69c89185ad1e0bcc4104f584e960b9ed
safetensors==0.4.5 \
    --hash=sha256:133620f443450429322f238fda74d512c4008621227fccf2f8cf4a76206fea7c \
    --hash=sha256:21742b391b859e67b26c0b2ac37f52c9c0944a879a25ad2f9f9f3cd61e7fda8f \
    --hash=sha256:23fc9b4ec7b602915cbb4ec1a7c1ad96d2743c322f20ab709e2c35d1b66dad27 \
    --hash=sha256:4fb3e0609ec12d2a77e882f07cced530b8262027f64b75d399f1504ffec0ba56 \
    --hash=sha256:6885016f34bef80ea1085b7e99b3c1f92cb1be78a49839203060f67b40aee761 \
    --hash=sha256:6ac85d9a8c1af0e3132371d9f2d134695a06a96993c2e2f0bbe25debb9e3f67a \
    --hash=sha256:7389129c03fadd1ccc37fd1ebbc773f2b031483b04700923c3511d2a939252cc \
    --hash=sha256:9483f42be3b6bc8ff77dd67302de8ae411c4db39f7224dec66b0eb95822e4163 \
    --hash=sha256:951d2fcf1817f4fb0ef0b48f6696688a4e852a95922a042b3f96aaa67eedc920 \
    --hash=sha256:9e347d77e2c77eb7624400ccd09bed69d35c0332f417ce8c048d404a096c593b \
    --hash=sha256:9f556eea3aec1d3d955403159fe2123ddd68e880f83954ee9b4a3f2e15e716b6 \
    --hash=sha256:a63eaccd22243c67e4f2b1c3e258b257effc4acd78f3b9d397edc8cf8f1298a7 \
    --hash=sha256:c6d156bdb26732feada84f9388a9f135528c1ef5b05fae153da365ad4319c4c5 \
    --hash=sha256:d0f1dd769f064adc33831f5e97ad07babbd728427f98e3e1db6902e369122737 \
    --hash=sha256:d42ffd4c2259f31832cb17ff866c111684c87bd930892a1ba53fed28370c918c \
    --hash=sha256:d73de19682deabb02524b3d5d1f8b3aaba94c72f1bbfc7911b9b9d5d391c0310 \
    --hash=sha256:dd8a1f6d2063a92cd04145c7fd9e31a1c7d85fbec20113a14b487563fdbc0597 \
    --hash=sha256:e3cec4a29eb7fe8da0b1c7988bc3828183080439dd559f720414450de076fcab \
    --hash=sha256:e98ef5524f8b6620c8cdef97220c0b6a5c1cef69852fcd2f174bb96c2bb316b1 \
    --hash=sha256:fdadf66b5a22ceb645d5435a0be7a0292ce59648ca1d46b352f13cff3ea80410
sentencepiece==0.2.0 \
    --hash=sha256:1380ce6540a368de2ef6d7e6ba14ba8f3258df650d39ba7d833b79ee68a52040 \
    --hash=sha256:188779e1298a1c8b8253c7d3ad729cb0a9891e5cef5e5d07ce4592c54869e227 \
    --hash=sha256:2fde4b08cfe237be4484c6c7c2e2c75fb862cfeab6bd5449ce4caeafd97b767a \
    --hash=sha256:4c378492056202d1c48a4979650981635fd97875a00eabb1f00c6a236b013b5e \
    --hash=sha256:a1151d6a6dd4b43e552394aed0edfe9292820272f0194bd56c7c1660a0c06c3d \
    --hash=sha256:a52c19171daaf2e697dc6cbe67684e0fa341b1248966f6aebb541de654d15843 \
    --hash=sha256:bed9cf85b296fa2b76fc2547b9cbb691a523864cebaee86304c43a7b4cb1b452 \
    --hash=sha256:d490142b0521ef22bc1085f061d922a2a6666175bb6b42e588ff95c0db6819b2 \
    --hash=sha256:d7b67e724bead13f18db6e1d10b6bbdc454af574d70efbb36f27d90387be1ca3
sounddevice==0.5.1 \
    --hash=sha256:09ca991daeda8ce4be9ac91e15a9a81c8f81efa6b695a348c9171ea0c16cb041 \
    --hash=sha256:4313b63f2076552b23ac3e0abd3bcfc0c1c6a696fc356759a13bd113c9df90f1 \
    --hash=sha256:d16cb23d92322526a86a9490c427bf8d49e273d9ccc0bd096feecd229cde6031 \
    --hash=sha256:d84cc6231526e7a08e89beff229c37f762baefe5e0cc2747cbe8e3a565470055 \
    --hash=sha256:e2017f182888c3f3c280d9fbac92e5dbddac024a7e3442f6e6116bd79dab8a9c
sphn==0.1.12 \
    --hash=sha256:216c5f3179107080a571401694abc071cdf6059c86e8b70c8bd188e519f0ac09 \
    --hash=sha256:64c05be915a2898aa8ad7f48a9a297889e2ceb37bcf19b20c9a14472fd50b353 \
    --hash=sha256:a136e0a3fa54ad7ec6f5ca6d1f05fecb6f80fe7ae0746365a7ce205dc3008736 \
    --hash=sha256:c5d7bfcf260e2a0220602d10646d39e26dae9227caf477b995dad366f21d808a
sympy==1.14.0 \
    --hash=sha256:d3d3fe8df1e5a0b42f0e7bdf50541697dbe7d23746e894990c030e2b05e72517 \
    --hash=sha256:e091cc3e99d2141a0ba2847328f5479b05d94a6635cb96148ccb3f34671bd8f5
tqdm==4.70.0 \
    --hash=sha256:55b0b0dbd97462d06ebee91e4dac24ed4d4702be82b24f07e6c1d27e08cea220 \
    --hash=sha256:7f585706bfddbdebf89daac705b2dfcc16890130727d3197ca62c732b4310953
typing-extensions==4.16.0 \
    --hash=sha256:481caa481374e813c1b176ada14e97f1f67a4539ce9cfeb3f350d78d6370c2e8 \
    --hash=sha256:dc983d19a509c94dba722ee6abd33940f7c05a89e243c47e907eb4db6f1a43e5
urllib3==2.7.0 \
    --hash=sha256:231e0ec3b63ceb14667c67be60f2f2c40a518cb38b03af60abc813da26505f4c \
    --hash=sha256:9fb4c81ebbb1ce9531cce37674bbc6f1360472bc18ca9a553ede278ef7276897
yarl==1.24.5 \
    --hash=sha256:0ebfaffe1a16cb72141c8e09f18cc76856dbe58639f393a4f2b26e474b96b871 \
    --hash=sha256:240cbec09667c1fed4c6cd0060b9ec57332427d7441289a2ed8875dc9fb2b224 \
    --hash=sha256:4103b77b8a8225e413107d2349b65eb3c1c52627b5cc5c3c4c1c6a798b218950 \
    --hash=sha256:4d97a951a81039050e45f04e96689b58b8243fa5e62aa14fe67cb6075300885e \
    --hash=sha256:5c55256dee8f4b27bfbf636c8363383c7c8db7890c7cba5217d7bd5f5f21dab6 \
    --hash=sha256:6efbccc3d7f75d5b03105172a8dc86d82ba4da86817952529dd93185f4a88be2 \
    --hash=sha256:7fa5e51397466ea7e98de493fa2ff1b8193cfef8a7b0f9b4842f92d342df0dba \
    --hash=sha256:88f50c94e21a0a7f14042c015b0eba1881af78562e7bf007e0033e624da59750 \
    --hash=sha256:89a1bbb58e0e3f7a283653d854b1e95d65e5cfd4af224dac5f02629ec1a3e621 \
    --hash=sha256:8a6987eaad834cb32dd57d9d582225f0054a5d1af706ccfbbdba735af4927e13 \
    --hash=sha256:8ac73abdc7ab75610f95a8fd994c6457e87752b02a63987e188f937a1fc180f0 \
    --hash=sha256:96d30286dd02679e32a39aa8f0b7498fc847fcda46cfc09df5513e82ce252440 \
    --hash=sha256:9f4d8cf085a4c6a40fb97ea0f46938a8df43c85d31f9d45e2a8867ea9293790d \
    --hash=sha256:a33700d13d9b7d84fd10947b09ff69fb9a792e519c8cb9764a3ca70baa6c23a7 \
    --hash=sha256:c0ebc836c47a6477e182169c6a476fc691d12b518894bf7dd2572f0d59f1c7ed \
    --hash=sha256:e81b83143bee16329c23db3c1b2d82b29892fcbcb849186d2f6e98a5abe9a57f \
    --hash=sha256:f9f3e9c8a9ecffa57bef8fb4fa19e5fa4d2d8307cf6bac5b1fca5e5860f4ba00 \
    --hash=sha256:fd8c81f346b58f45818d09ea11db69a8d5fd34a224b79871f6d44f12cd7977b1 \
    --hash=sha256:fe7b7bb170daccbba19ad33012d2b15f1e7942296fd4d45fc1b79013da8cc0f2
