<Solution>
  <Folder Name="/clients/">
    <!-- Flutter client integration.
         By default (via Directory.Build.props) we SkipFlutterBuild=true so normal `dotnet build/test`
         stays fast and doesn't require Flutter CLI. CI or full builds can override with -p:SkipFlutterBuild=false. -->
    <Project Path="app/Flutter.proj" Type="C#" />
  </Folder>
  <Folder Name="/src/">
    <Project Path="src/DigitalBrain.Aspire/DigitalBrain.Aspire.csproj" />
    <Project Path="src/DigitalBrain.Core/DigitalBrain.Core.csproj" />

    <Project Path="src/DigitalBrain.Kernel/DigitalBrain.Kernel.csproj" />
    <Project Path="src/DigitalBrain.Marketplace.Contracts/DigitalBrain.Marketplace.Contracts.csproj" />
    <Project Path="src/DigitalBrain.Mcp/DigitalBrain.Mcp.csproj" />
    <Project Path="src/DigitalBrain.Pack.Contracts/DigitalBrain.Pack.Contracts.csproj" />
    <Project Path="src/DigitalBrain.SeedPacks/DigitalBrain.SeedPacks.csproj" />
    <Project Path="src/DigitalBrain.Ui.Contracts/DigitalBrain.Ui.Contracts.csproj" />
    <Project Path="src/DigitalBrain.Ui.Runtime/DigitalBrain.Ui.Runtime.csproj" />
  </Folder>
  <Folder Name="/integrations/">
    <Project Path="integrations/DigitalBrain.Context/DigitalBrain.Context.csproj" />
    <Project Path="integrations/DigitalBrain.Google/DigitalBrain.Google.csproj" />
    <Project Path="integrations/DigitalBrain.Ino/DigitalBrain.Ino.csproj" />
    <Project Path="integrations/DigitalBrain.Salesforce/DigitalBrain.Salesforce.csproj" />
    <Project Path="integrations/DigitalBrain.Telegram/DigitalBrain.Telegram.csproj" />
  </Folder>
  <Folder Name="/hosts/">
    <Project Path="hosts/DigitalBrain.AppHost/DigitalBrain.AppHost.csproj" />
    <Project Path="hosts/DigitalBrain.ServiceDefaults/DigitalBrain.ServiceDefaults.csproj" />
    <Project Path="hosts/DigitalBrain.Telegram.Transport/DigitalBrain.Telegram.Transport.csproj" />
  </Folder>
  <Folder Name="/tests/">
    <Project Path="tests/DigitalBrain.Context.Tests/DigitalBrain.Context.Tests.csproj" />
    <Project Path="tests/DigitalBrain.Google.Tests/DigitalBrain.Google.Tests.csproj" />
    <Project Path="tests/DigitalBrain.Salesforce.Tests/DigitalBrain.Salesforce.Tests.csproj" />
    <Project Path="tests/DigitalBrain.Telegram.Tests/DigitalBrain.Telegram.Tests.csproj" />
    <Project Path="tests/DigitalBrain.TestKit/DigitalBrain.TestKit.csproj" />
    <Project Path="tests/DigitalBrain.TestKit.Tests/DigitalBrain.TestKit.Tests.csproj" />
  </Folder>
  <Folder Name="/deploy/">
    <Project Path="deploy/DigitalBrain.Deploy.csproj" />
  </Folder>
</Solution>




