<Solution>
  <Folder Name="/src/">
    <Project Path="src/DigitalBrain/DigitalBrain.csproj" />
    <Project Path="src/DigitalBrain.Abstractions/DigitalBrain.Abstractions.csproj" />
    <Project Path="src/DigitalBrain.Kernel/DigitalBrain.Kernel.csproj" />
    <Project Path="src/DigitalBrain.Client/DigitalBrain.Client.csproj" />
    <Project Path="src/DigitalBrain.Testing/DigitalBrain.Testing.csproj" />
    <Project Path="src/DigitalBrain.Aspire/DigitalBrain.Aspire.csproj" />
    <Project Path="src/DigitalBrain.Aspire.Hosting/DigitalBrain.Aspire.Hosting.csproj" />
    <Project Path="src/DigitalBrain.DevTools/DigitalBrain.DevTools.csproj" />
    <Project Path="src/DigitalBrain.SourceGeneration/DigitalBrain.SourceGeneration.csproj" />
    <Project Path="src/DigitalBrain.Security/DigitalBrain.Security.csproj" />
    <Project Path="src/DigitalBrain.Integrations.Mcp/DigitalBrain.Integrations.Mcp.csproj" />
    <Project Path="src/DigitalBrain.Integrations.Mcp.Aspire.Hosting/DigitalBrain.Integrations.Mcp.Aspire.Hosting.csproj" />
  </Folder>
  <Folder Name="/hosts/">
    <Project Path="hosts/DigitalBrain.Host/DigitalBrain.Host.csproj" />
    <Project Path="hosts/DigitalBrain.ProbeHost/DigitalBrain.ProbeHost.csproj" />
    <Project Path="hosts/DigitalBrain.Mcp/DigitalBrain.Mcp.csproj" />
    <Project Path="hosts/DigitalBrain.AppHost/DigitalBrain.AppHost.csproj" />
    <Project Path="hosts/DigitalBrain.TestingAppHost/DigitalBrain.TestingAppHost.csproj" />
  </Folder>

  <Folder Name="/modules/">
    <Project Path="modules/DigitalBrain.Modules.AI.Contracts/DigitalBrain.Modules.AI.Contracts.csproj" />
    <Project Path="modules/DigitalBrain.Modules.AI/DigitalBrain.Modules.AI.csproj" />
    <Project Path="modules/DigitalBrain.Modules.AI.Aspire.Hosting/DigitalBrain.Modules.AI.Aspire.Hosting.csproj" />
    <Project Path="modules/DigitalBrain.Modules.Tasks.Contracts/DigitalBrain.Modules.Tasks.Contracts.csproj" />
    <Project Path="modules/DigitalBrain.Modules.Tasks/DigitalBrain.Modules.Tasks.csproj" />
    <Project Path="modules/DigitalBrain.Modules.Google.Contracts/DigitalBrain.Modules.Google.Contracts.csproj" />
    <Project Path="modules/DigitalBrain.Modules.Google/DigitalBrain.Modules.Google.csproj" />
    <Project Path="modules/DigitalBrain.Modules.Google.Aspire.Hosting/DigitalBrain.Modules.Google.Aspire.Hosting.csproj" />
    <Project Path="modules/DigitalBrain.Modules.Salesforce.Contracts/DigitalBrain.Modules.Salesforce.Contracts.csproj" />
    <Project Path="modules/DigitalBrain.Modules.Salesforce/DigitalBrain.Modules.Salesforce.csproj" />
    <Project Path="modules/DigitalBrain.Modules.Salesforce.Aspire.Hosting/DigitalBrain.Modules.Salesforce.Aspire.Hosting.csproj" />
  </Folder>
  <Folder Name="/samples/">
    <Project Path="samples/DigitalBrain.AccountEnrichment/DigitalBrain.AccountEnrichment.csproj" />
    <Project Path="samples/DigitalBrain.Quickstart.Contracts/DigitalBrain.Quickstart.Contracts.csproj" />
    <Project Path="samples/DigitalBrain.Quickstart/DigitalBrain.Quickstart.csproj" />
  </Folder>
  <Folder Name="/tests/">
    <Project Path="tests/DigitalBrain.Tests/DigitalBrain.Tests.csproj" />
    <Project Path="tests/DigitalBrain.TestingTests/DigitalBrain.TestingTests.csproj" />
    <Project Path="tests/DigitalBrain.ModuleTests/DigitalBrain.ModuleTests.csproj" />
    <Project Path="tests/DigitalBrain.HostTests/DigitalBrain.HostTests.csproj" />
    <Project Path="tests/DigitalBrain.Quickstart.Tests/DigitalBrain.Quickstart.Tests.csproj" />
  </Folder>
</Solution>
