<Solution>
  <Folder Name="/CoreV2/">
    <Project Path="src/CoreV2/Brain.Abstractions/Brain.Abstractions.csproj" />
    <Project Path="src/CoreV2/Brain.Core/Brain.Core.csproj" />
    <Project Path="src/CoreV2/Brain.Product.Abstractions/Brain.Product.Abstractions.csproj" />
    <Project Path="src/CoreV2/Brain.Runtime.Abstractions/Brain.Runtime.Abstractions.csproj" />
    <Project Path="src/CoreV2/Brain.Runtime/Brain.Runtime.csproj" />
    <Project Path="src/CoreV2/DigitalBrain.ProductHost/DigitalBrain.ProductHost.csproj" />
    <Project Path="src/CoreV2/DigitalBrain.RuntimeHost/DigitalBrain.RuntimeHost.csproj" />
    <Project Path="src/CoreV2/Brain.Testing/Brain.Testing.csproj" />
    <Project Path="src/CoreV2/Aspire/Brain.ServiceDefaults/Brain.ServiceDefaults.csproj" />
    <Project Path="src/CoreV2/Aspire/Brain.Aspire.Hosting/Brain.Aspire.Hosting.csproj" />
    <Project Path="src/CoreV2/Aspire/Brain.Aspire/Brain.Aspire.csproj" />
    <Project Path="src/CoreV2/DigitalBrain.AppHost/DigitalBrain.AppHost.csproj" />
    <Project Path="src/CoreV2/Modules/Proof.Contracts/Brain.Modules.Proof.Contracts.csproj" />
    <Project Path="src/CoreV2/Modules/Proof/Brain.Modules.Proof.csproj" />
    <Project Path="src/CoreV2/Modules/Conversation.Contracts/Brain.Modules.Conversation.Contracts.csproj" />
    <Project Path="src/CoreV2/Modules/Conversation/Brain.Modules.Conversation.csproj" />
    <Project Path="src/CoreV2/Modules/Scheduling.Contracts/Brain.Modules.Scheduling.Contracts.csproj" />
    <Project Path="src/CoreV2/Modules/Scheduling/Brain.Modules.Scheduling.csproj" />
    <Project Path="src/CoreV2/Modules/UI/Brain.Modules.UI.csproj" />
    <Project Path="src/CoreV2/Modules/UI.Aspire.Hosting/Brain.Modules.UI.Aspire.Hosting.csproj" />
    <Project Path="tests/CoreV2/Brain.Architecture.Tests/Brain.Architecture.Tests.csproj" />
    <Project Path="tests/CoreV2/Brain.Authority.Conformance.Tests/Brain.Authority.Conformance.Tests.csproj" />
    <Project Path="tests/CoreV2/Brain.Abstractions.Tests/Brain.Abstractions.Tests.csproj" />
    <Project Path="tests/CoreV2/Brain.Aspire.Tests/Brain.Aspire.Tests.csproj" />
    <Project Path="tests/CoreV2/Brain.Aspire.Hosting.Tests/Brain.Aspire.Hosting.Tests.csproj" />
    <Project Path="tests/CoreV2/Brain.Core.Tests/Brain.Core.Tests.csproj" />
    <Project Path="tests/CoreV2/Brain.ProductHost.Tests/Brain.ProductHost.Tests.csproj" />
    <Project Path="tests/CoreV2/Brain.Proof.Tests/Brain.Proof.Tests.csproj" />
    <Project Path="tests/CoreV2/Brain.Runtime.Tests/Brain.Runtime.Tests.csproj" />
  </Folder>
</Solution>
