<Solution>
  <Project Path="src/Modules/DigitalBrain/Contracts/DigitalBrain.Contracts.csproj" />
  <Project Path="src/Modules/DigitalBrain/DigitalBrain/DigitalBrain.csproj" />
  <Project Path="src/Testing/DigitalBrain.Testing.Unit/DigitalBrain.Testing.Unit.csproj" />
  <Project Path="src/Modules/DigitalBrain/Tests/DigitalBrain.Runtime.Tests.csproj" />
  <Project Path="src/Modules/Time/Contracts/DigitalBrain.Modules.Time.Contracts.csproj" />
  <Project Path="src/Modules/Time/Time/DigitalBrain.Modules.Time.csproj" />
  <Project Path="src/Modules/Time/Tests/DigitalBrain.Modules.Time.Tests.csproj" />
  <Project Path="src/Behaviors/DigitalBrain.Behaviors.csproj" />
  <Project Path="src/Behaviors/Tests/DigitalBrain.Behaviors.Tests.csproj" />
</Solution>

