<Solution>
  <Folder Name="/core/">
    <Project Path="src/core/kernel/DigitalBrain.Abstractions/DigitalBrain.Abstractions.csproj" />
    <Project Path="src/core/behaviors/DigitalBrain.Behaviors/DigitalBrain.Behaviors.csproj" />
    <Project Path="src/core/behaviors/DigitalBrain.Behaviors.Runtime/DigitalBrain.Behaviors.Runtime.csproj" />
    <Project Path="src/core/kernel/DigitalBrain.Core/DigitalBrain.Core.csproj" />
    <Project Path="src/core/kernel/DigitalBrain.Client/DigitalBrain.Client.csproj" />
    <Project Path="src/core/aspire/DigitalBrain.Aspire/DigitalBrain.Aspire.csproj" />
    <Project Path="src/core/aspire/DigitalBrain.Aspire.Hosting/DigitalBrain.Aspire.Hosting.csproj" />
    <Project Path="src/core/aspire/DigitalBrain.ServiceDefaults/DigitalBrain.ServiceDefaults.csproj" />
    <Project Path="src/core/kernel/DigitalBrain.SourceGeneration/DigitalBrain.SourceGeneration.csproj" />
    <Project Path="src/core/security/DigitalBrain.Security/DigitalBrain.Security.csproj" />
    <Project Path="src/core/sdk/DigitalBrain.Sdk/DigitalBrain.Sdk.csproj" />
  </Folder>
  <Folder Name="/modules/" />
  <Folder Name="/modules/ai/">
    <Project Path="src/modules/ai/Contracts/DigitalBrain.Modules.AI.Contracts.csproj" />
    <Project Path="src/modules/ai/AI/DigitalBrain.Modules.AI.csproj" />
    <Project Path="src/modules/ai/Aspire.Hosting/DigitalBrain.Modules.AI.Aspire.Hosting.csproj" />
  </Folder>
  <Folder Name="/modules/chat/">
    <Project Path="src/modules/chat/Contracts/DigitalBrain.Modules.Chat.Contracts.csproj" />
    <Project Path="src/modules/chat/Chat/DigitalBrain.Modules.Chat.csproj" />
  </Folder>
  <Folder Name="/modules/google/">
    <Project Path="src/modules/google/Contracts/DigitalBrain.Modules.Google.Contracts.csproj" />
    <Project Path="src/modules/google/Google/DigitalBrain.Modules.Google.csproj" />
    <Project Path="src/modules/google/Aspire.Hosting/DigitalBrain.Modules.Google.Aspire.Hosting.csproj" />
  </Folder>
  <Folder Name="/modules/introspection/">
    <Project Path="src/modules/introspection/Contracts/DigitalBrain.Modules.Introspection.Contracts.csproj" />
    <Project Path="src/modules/introspection/Introspection/DigitalBrain.Modules.Introspection.csproj" />
  </Folder>
  <Folder Name="/modules/memory/">
    <Project Path="src/modules/memory/Contracts/DigitalBrain.Modules.Memory.Contracts.csproj" />
    <Project Path="src/modules/memory/Memory/DigitalBrain.Modules.Memory.csproj" />
    <Project Path="src/modules/memory/Aspire.Hosting/DigitalBrain.Modules.Memory.Aspire.Hosting.csproj" />
  </Folder>
  <Folder Name="/modules/salesforce/">
    <Project Path="src/modules/salesforce/Contracts/DigitalBrain.Modules.Salesforce.Contracts.csproj" />
    <Project Path="src/modules/salesforce/Salesforce/DigitalBrain.Modules.Salesforce.csproj" />
    <Project Path="src/modules/salesforce/Aspire.Hosting/DigitalBrain.Modules.Salesforce.Aspire.Hosting.csproj" />
  </Folder>
  <Folder Name="/modules/shell/">
    <Project Path="src/modules/shell/Contracts/DigitalBrain.Modules.Shell.Contracts.csproj" />
    <Project Path="src/modules/shell/Shell/DigitalBrain.Modules.Shell.csproj" />
    <Project Path="src/modules/shell/Aspire.Hosting/DigitalBrain.Modules.Shell.Aspire.Hosting.csproj" />
  </Folder>
  <Folder Name="/modules/tasks/">
    <Project Path="src/modules/tasks/Contracts/DigitalBrain.Modules.Tasks.Contracts.csproj" />
    <Project Path="src/modules/tasks/Tasks/DigitalBrain.Modules.Tasks.csproj" />
  </Folder>
  <Folder Name="/modules/time/">
    <Project Path="src/modules/time/Contracts/DigitalBrain.Modules.Time.Contracts.csproj" />
    <Project Path="src/modules/time/Time/DigitalBrain.Modules.Time.csproj" />
  </Folder>
  <Folder Name="/samples/">
    <Project Path="samples/DigitalBrain.AccountEnrichment/DigitalBrain.AccountEnrichment.csproj" />
    <Project Path="samples/DigitalBrain.Compositions/DigitalBrain.Compositions.csproj" />
    <Project Path="samples/DigitalBrain.VectorMemory/DigitalBrain.VectorMemory.csproj" />
  </Folder>
  <Project Path="DigitalBrain.AppHost/DigitalBrain.AppHost.csproj" />
  <Project Path="DigitalBrain.Kernel/DigitalBrain.Kernel.csproj" />
  <Project Path="DigitalBrain.Mcp/DigitalBrain.Mcp.csproj" />
  <Project Path="DigitalBrain.Scripting/DigitalBrain.Scripting.csproj" />
</Solution>
