<Solution>
  <Folder Name="/Solution Items/">
    <File Path=".editorconfig" />
    <File Path="Directory.Packages.props" />
  </Folder>
  <Project Path="src/Core/Core.csproj" />
  <Project Path="src/Agents.Host/Agents.Host.csproj" />
  <Project Path="src/Agents.CSharp/Agents.CSharp.csproj" />
  <Project Path="src/Agents/Agents.csproj" />
  <Project Path="src/Aspire.Hosting/Aspire.Hosting.csproj" />
  <Project Path="src/Aspire.Client/Aspire.Client.csproj" />
  <Project Path="src/Telegram/Telegram.csproj" />
  <Project Path="src/DevUI/DevUI.csproj" />
  <Project Path="src/Aspire/Aspire.csproj" />
  <Project Path="src/MCP/MCP.csproj" Id="f72a5392-8914-4f0c-a8b3-642c4a424a11" />
  <Folder Name="/test/">
    <Project Path="src/Testing/Testing.csproj" />
    <Project Path="test/Core.Tests/IAW.Core.Tests.csproj" />
    <Project Path="test/E2E.Tests/E2E.Tests.csproj" />
    <Project Path="test/Integration.Tests/IAW.Integration.Tests.csproj" />
  </Folder>
</Solution>
