<Solution>
  <Folder Name="/src/">
    <Project Path="src/Ino.Core/Ino.Core.csproj" />
    <Project Path="src/Ino.Core.Hosting/Ino.Core.Hosting.csproj" />
    <Project Path="src/Ino.Kernel/Ino.Kernel.csproj" />
    <Project Path="src/Ino.Kernel.Contracts/Ino.Kernel.Contracts.csproj" />
    <Project Path="src/Ino.Identity/Ino.Identity.csproj" />
    <Project Path="src/Ino.Aspire.Hosting/Ino.Aspire.Hosting.csproj" />
    <Project Path="src/Ino.AppHost/Ino.AppHost.csproj" />
    <Project Path="src/Ino.AppHost.Testing/Ino.AppHost.Testing.csproj" />
    <Project Path="src/Ino.Testing/Ino.Testing.csproj" />
    <Project Path="src/Ino.Testing.E2E/Ino.Testing.E2E.csproj" />
    <Project Path="src/Ino.Gateway/Ino.Gateway.csproj" />
    <Project Path="src/Ino.Gateway.Grpc/Ino.Gateway.Grpc.csproj" />
    <Project Path="src/Ino.ServiceDefaults/Ino.ServiceDefaults.csproj" />
    <Project Path="src/Ino.Llm.Xai/Ino.Llm.Xai.csproj" />
    <Project Path="src/Ino.NeuronTesting/Ino.NeuronTesting.csproj" />
    <Project Path="src/Ino.NeuronTesting.Bdd/Ino.NeuronTesting.Bdd.csproj" />
  </Folder>
  <Folder Name="/domains/testing/">
    <Project Path="domains/testing/Ino.Testing.Fixture.Alpha.Contracts/Ino.Testing.Fixture.Alpha.Contracts.csproj" />
    <Project Path="domains/testing/Ino.Testing.Fixture.Alpha/Ino.Testing.Fixture.Alpha.csproj" />
    <Project Path="domains/testing/Ino.Testing.Fixture.Beta.Contracts/Ino.Testing.Fixture.Beta.Contracts.csproj" />
    <Project Path="domains/testing/Ino.Testing.Fixture.Beta/Ino.Testing.Fixture.Beta.csproj" />
    <Project Path="domains/testing/Ino.Testing.Fixture.Gamma.Contracts/Ino.Testing.Fixture.Gamma.Contracts.csproj" />
    <Project Path="domains/testing/Ino.Testing.Fixture.Gamma/Ino.Testing.Fixture.Gamma.csproj" />
    <Project Path="domains/testing/Ino.Testing.Fixture.Delta.Contracts/Ino.Testing.Fixture.Delta.Contracts.csproj" />
    <Project Path="domains/testing/Ino.Testing.Fixture.Delta/Ino.Testing.Fixture.Delta.csproj" />
  </Folder>
  <Folder Name="/domains/travel/">
    <Project Path="domains/travel/Ino.Domains.Travel.Contracts/Ino.Domains.Travel.Contracts.csproj" />
    <Project Path="domains/travel/Ino.Domains.Travel/Ino.Domains.Travel.csproj" />
    <Project Path="domains/travel/Ino.Domains.Travel.Tests/Ino.Domains.Travel.Tests.csproj" />
    <Project Path="domains/travel/NeuronTests/Tests.csproj" />
    <Project Path="domains/travel/TripPlanner.Smoke/TripPlanner.Smoke.csproj" />
  </Folder>
  <Folder Name="/domains/travel/tripradar/">
    <Project Path="domains/travel/tripradar/src/Aspire/Aspire.csproj" />
    <Project Path="domains/travel/tripradar/src/TripRadar.Bot/TripRadar.Bot.csproj" />
    <Project Path="domains/travel/tripradar/src/TripRadar.Bot.Tests/TripRadar.Bot.Tests.csproj" />
    <Project Path="domains/travel/tripradar/src/TripRadar.Aspire.Tests/TripRadar.Aspire.Tests.csproj" />
    <Project Path="domains/travel/tripradar/src/TripRadar.DeploymentKit/TripRadar.DeploymentKit.csproj" />
    <Project Path="domains/travel/tripradar/src/TripRadar.MiniApp.Infrastructure/TripRadar.MiniApp.Infrastructure.csproj" />
    <Project Path="domains/travel/tripradar/src/TripRadar.MiniApp/TripRadar.MiniApp.csproj" />
    <Project Path="domains/travel/tripradar/src/TripRadar.ServiceDefaults/TripRadar.ServiceDefaults.csproj" />
    <Project Path="domains/travel/tripradar/src/TripRadar.Server.API/TripRadar.Server.API.csproj" />
    <Project Path="domains/travel/tripradar/src/TripRadar.Server.API.Contracts/TripRadar.Server.API.Contracts.csproj" />
    <Project Path="domains/travel/tripradar/src/TripRadar.Server.Application/TripRadar.Server.Application.csproj" />
    <Project Path="domains/travel/tripradar/src/TripRadar.Server.Comms.Core/TripRadar.Server.Comms.Core.csproj" />
    <Project Path="domains/travel/tripradar/src/TripRadar.Server.Db/TripRadar.Server.Db.csproj" />
    <Project Path="domains/travel/tripradar/src/TripRadar.Infrastructure/TripRadar.Infrastructure.csproj" />
    <Project Path="domains/travel/tripradar/src/TripRadar.Server.Domain/TripRadar.Server.Domain.csproj" />
    <Project Path="domains/travel/tripradar/src/TripRadar.Server.Infrastructure/TripRadar.Server.Infrastructure.csproj" />
    <Project Path="domains/travel/tripradar/src/TripRadar.Server.Jobs.API/TripRadar.Server.Jobs.API.csproj" />
    <Project Path="domains/travel/tripradar/src/TripRadar.Server.Mocks/TripRadar.Server.Mocks.csproj" />
    <Project Path="domains/travel/tripradar/src/TripRadar.Server.Tests/TripRadar.Server.Tests.csproj" />
  </Folder>
  <Folder Name="/domains/taxi/">
    <Project Path="domains/taxi/Ino.Domains.Taxi.Contracts/Ino.Domains.Taxi.Contracts.csproj" />
    <Project Path="domains/taxi/Ino.Domains.Taxi/Ino.Domains.Taxi.csproj" />
    <Project Path="domains/taxi/Ino.Domains.Taxi.Tests/Ino.Domains.Taxi.Tests.csproj" />
  </Folder>
  <Folder Name="/domains/location/">
    <Project Path="domains/location/Ino.Domains.Location.Contracts/Ino.Domains.Location.Contracts.csproj" />
    <Project Path="domains/location/Ino.Domains.Location/Ino.Domains.Location.csproj" />
    <Project Path="domains/location/Ino.Domains.Location.Tests/Ino.Domains.Location.Tests.csproj" />
  </Folder>
  <Folder Name="/domains/reminders/">
    <Project Path="domains/reminders/Ino.Domains.Reminders.Contracts/Ino.Domains.Reminders.Contracts.csproj" />
    <Project Path="domains/reminders/Ino.Domains.Reminders/Ino.Domains.Reminders.csproj" />
    <Project Path="domains/reminders/Ino.Domains.Reminders.Tests/Ino.Domains.Reminders.Tests.csproj" />
  </Folder>
  <Folder Name="/domains/recall/">
    <Project Path="domains/recall/Ino.Domains.Recall.Contracts/Ino.Domains.Recall.Contracts.csproj" />
    <Project Path="domains/recall/Ino.Domains.Recall/Ino.Domains.Recall.csproj" />
    <Project Path="domains/recall/Ino.Domains.Recall.Tests/Ino.Domains.Recall.Tests.csproj" />
  </Folder>
  <Folder Name="/domains/genesis/">
    <Project Path="domains/genesis/Ino.Domains.Genesis.Contracts/Ino.Domains.Genesis.Contracts.csproj" />
    <Project Path="domains/genesis/Ino.Domains.Genesis/Ino.Domains.Genesis.csproj" />
    <Project Path="domains/genesis/Ino.Domains.Genesis.Tests/Ino.Domains.Genesis.Tests.csproj" />
  </Folder>


  <Folder Name="/clients/">
    <Project Path="clients/Telegram/Ino.Telegram.Host.csproj" />
  </Folder>
  <Folder Name="/iaw/src/">
    <Project Path="iaw/src/Core/Core.csproj" />
    <Project Path="iaw/src/Agents/Agents.csproj" />
    <Project Path="iaw/src/Agents.CSharp/Agents.CSharp.csproj" />
    <Project Path="iaw/src/Agents.Host/Agents.Host.csproj" />
    <Project Path="iaw/src/Aspire/Aspire.csproj" />
    <Project Path="iaw/src/Aspire.Hosting/Aspire.Hosting.csproj" />
    <Project Path="iaw/src/Aspire.Client/Aspire.Client.csproj" />
    <Project Path="iaw/src/DevUI/DevUI.csproj" />
    <Project Path="iaw/src/MCP/MCP.csproj" />
    <Project Path="iaw/src/Telegram/Telegram.csproj" />
    <Project Path="iaw/src/Testing/Testing.csproj" />
  </Folder>
  <Folder Name="/iaw/test/">
    <Project Path="iaw/test/Core.Tests/IAW.Core.Tests.csproj" />
    <Project Path="iaw/test/Integration.Tests/IAW.Integration.Tests.csproj" />
    <Project Path="iaw/test/E2E.Tests/E2E.Tests.csproj" />
  </Folder>
  <Folder Name="/test/">
    <Project Path="test/Ino.Core.Tests/Ino.Core.Tests.csproj" />
    <Project Path="test/Ino.Core.Hosting.Tests/Ino.Core.Hosting.Tests.csproj" />
    <Project Path="test/Ino.Testing.Tests/Ino.Testing.Tests.csproj" />
    <Project Path="test/Ino.Kernel.Tests/Ino.Kernel.Tests.csproj" />
    <Project Path="test/Ino.Domains.Tests/Ino.Domains.Tests.csproj" />
    <Project Path="test/Ino.Hosting.Tests/Ino.Hosting.Tests.csproj" />
    <Project Path="test/Ino.E2E.Tests/Ino.E2E.Tests.csproj" />
    <Project Path="test/Ino.Llm.Xai.Tests/Ino.Llm.Xai.Tests.csproj" />
    <Project Path="test/Ino.NeuronTesting.Tests/Ino.NeuronTesting.Tests.csproj" />
  </Folder>
</Solution>
