<Solution>
  <Folder Name="/Clients/">
    <Project Path="src/DigitalBrain.Clients.Console/DigitalBrain.Clients.ConsoleClient.csproj" />
    <Project Path="src/DigitalBrain.Clients.Flutter/Flutter.proj" Type="C#" />
  </Folder>
  <Folder Name="/Domains/">
    <Project Path="src/DigitalBrain.Awesome/DigitalBrain.Awesome.csproj" />
  </Folder>
  <Folder Name="/Ino/">
    <Project Path="src/DigitalBrain.Ino/DigitalBrain.Ino.csproj" />
  </Folder>
  <Folder Name="/InoLang/">
    <Project Path="src/DigitalBrain.InoLang/DigitalBrain.InoLang.csproj" />
  </Folder>
  <Folder Name="/Sdk/">
    <Project Path="src/DigitalBrain.Sdk/DigitalBrain.Sdk.csproj" />
  </Folder>
  <Folder Name="/Os/">
    <Project Path="src/DigitalBrain.Os/DigitalBrain.Os.csproj" />
  </Folder>
  <Folder Name="/Protocol/">
    <Project Path="src/DigitalBrain.Protocol/DigitalBrain.Protocol.csproj" />
  </Folder>
  <Folder Name="/Hosting/">
    <Project Path="src/DigitalBrain.Hosting/DigitalBrain.Hosting.csproj" />
  </Folder>
  <Folder Name="/Kernel/">
    <Project Path="src/DigitalBrain.Kernel/DigitalBrain.Kernel.csproj" />
  </Folder>
  <Folder Name="/Host/">
    <Project Path="src/DigitalBrain.AppHost/DigitalBrain.AppHost.csproj" />
  </Folder>
  <Folder Name="/Marketplace/">
  </Folder>
  <Folder Name="/Solution Items/">
    <File Path="ino.cs" />
  </Folder>
  <Folder Name="/Tests/">
    <Project Path="src/DigitalBrain.Os.Tests/DigitalBrain.Os.Tests.csproj" />
    <Project Path="src/DigitalBrain.Protocol.Tests/DigitalBrain.Protocol.Tests.csproj" />
    <Project Path="src/DigitalBrain.InoLang.Tests/DigitalBrain.InoLang.Tests.csproj" />
  </Folder>
</Solution>