<Solution>
  <Folder Name="/src/">
    <Project Path="src/DigitalBrain.V2.Core/DigitalBrain.V2.Core.csproj" />
    <Project Path="src/DigitalBrain.V2.Testing/DigitalBrain.V2.Testing.csproj" />
    <Project Path="src/DigitalBrain.V2.Catalog/DigitalBrain.V2.Catalog.csproj" />
    <Project Path="src/DigitalBrain.V2.Catalog.Simulations/DigitalBrain.V2.Catalog.Simulations.csproj" />
    <Project Path="src/DigitalBrain.V2.Ino/DigitalBrain.V2.Ino.csproj" />
    <Project Path="src/DigitalBrain.V2.Ino.Simulations/DigitalBrain.V2.Ino.Simulations.csproj" />
    <Project Path="src/DigitalBrain.V2.Creator/DigitalBrain.V2.Creator.csproj" />
    <Project Path="src/DigitalBrain.V2.Creator.Simulations/DigitalBrain.V2.Creator.Simulations.csproj" />
  </Folder>
  <Folder Name="/capsules/Ping/">
    <Project Path="src/capsules/Ping/Ping.Contracts/Ping.Contracts.csproj" />
    <Project Path="src/capsules/Ping/Ping/Ping.csproj" />
    <Project Path="src/capsules/Ping/Ping.Simulations/Ping.Simulations.csproj" />
  </Folder>
  <Folder Name="/capsules/Greeter/">
    <Project Path="src/capsules/Greeter/Greeter.Contracts/Greeter.Contracts.csproj" />
    <Project Path="src/capsules/Greeter/Greeter/Greeter.csproj" />
    <Project Path="src/capsules/Greeter/Greeter.Simulations/Greeter.Simulations.csproj" />
  </Folder>
</Solution>
