<Solution>
  <!-- Platform Core & Substrate -->
  <Project Path="kernel/DigitalBrain.AppHost/DigitalBrain.AppHost.csproj" />
  <Project Path="kernel/DigitalBrain.Runtime/DigitalBrain.Runtime.csproj" />
  <Project Path="kernel/DigitalBrain.Kernel/DigitalBrain.Kernel.csproj" />

  <!-- InoLang Parser & Interpreter -->
  <Project Path="inolang/DigitalBrain.InoLang/DigitalBrain.InoLang.csproj" />
  <Project Path="inolang/DigitalBrain.InoLang.Tests/DigitalBrain.InoLang.Tests.csproj" />

  <!-- SDKs & Connector Modules -->
  <Project Path="sdk/DigitalBrain.SDK/DigitalBrain.SDK.csproj" />

  <!-- UI & Frontend -->
  <Project Path="UI/flutter/Flutter.proj" Type="9a19103f-16f7-4668-be54-9a1e7a4f7556" />
</Solution>
