<Solution>
  <Folder Name="/core/">
    <Project Path="core/DigitalBrain.Abstractions/DigitalBrain.Abstractions.csproj" />
  </Folder>
  <Folder Name="/ino/">
    <Project Path="ino/DigitalBrain.Ino/DigitalBrain.Ino.csproj" />
  </Folder>
  <Folder Name="/kernel/">
    <Project Path="kernel/DigitalBrain.Kernel/DigitalBrain.Kernel.csproj" />
  </Folder>
  <Folder Name="/sdk/">
    <Project Path="sdk/DigitalBrain.Sdk.Testing/DigitalBrain.Sdk.Testing.csproj" />
    <Project Path="sdk/DigitalBrain.Sdk/DigitalBrain.Sdk.csproj" />
  </Folder>
  <Project Path="../DigitalBrain.Core/DigitalBrain.Core.csproj" />
  <Project Path="DigitalBrainTech.ApiService/DigitalBrainTech.ApiService.csproj" />
  <Project Path="DigitalBrainTech.AppHost/DigitalBrainTech.AppHost.csproj" />
  <Project Path="samples/consumer-seed/DigitalBrainTech.ServiceDefaults/DigitalBrainTech.ServiceDefaults.csproj" />
  <Project Path="samples/consumer-seed/DigitalBrainTech.Tests/DigitalBrainTech.Tests.csproj" />
  <Project Path="DigitalBrainTech.Web/DigitalBrainTech.Web.csproj" />
</Solution>
